
Microsoft Visual Studio Solution File, Format Version 12.00
# Visual Studio 2012
Project("{FAE04EC0-301F-11D3-BF4B-00C04F79EFBC}") = "FitAndGym", "FitAndGym\FitAndGym.csproj", "{483C77B0-BD0A-4FE5-B29C-F1E28AC866D7}"
EndProject
Project("{FAE04EC0-301F-11D3-BF4B-00C04F79EFBC}") = "AdvControls", "AdvControls\AdvControls.csproj", "{23F75AAD-EA4C-455A-939E-646534C7DB36}"
EndProject
Global
	GlobalSection(SolutionConfigurationPlatforms) = preSolution
		Debug|Any CPU = Debug|Any CPU
		Debug|ARM = Debug|ARM
		Debug|x86 = Debug|x86
		DelBase|Any CPU = DelBase|Any CPU
		DelBase|ARM = DelBase|ARM
		DelBase|x86 = DelBase|x86
		Release|Any CPU = Release|Any CPU
		Release|ARM = Release|ARM
		Release|x86 = Release|x86
	EndGlobalSection
	GlobalSection(ProjectConfigurationPlatforms) = postSolution
		{483C77B0-BD0A-4FE5-B29C-F1E28AC866D7}.Debug|Any CPU.ActiveCfg = Debug|Any CPU
		{483C77B0-BD0A-4FE5-B29C-F1E28AC866D7}.Debug|Any CPU.Build.0 = Debug|Any CPU
		{483C77B0-BD0A-4FE5-B29C-F1E28AC866D7}.Debug|Any CPU.Deploy.0 = Debug|Any CPU
		{483C77B0-BD0A-4FE5-B29C-F1E28AC866D7}.Debug|ARM.ActiveCfg = Debug|ARM
		{483C77B0-BD0A-4FE5-B29C-F1E28AC866D7}.Debug|ARM.Build.0 = Debug|ARM
		{483C77B0-BD0A-4FE5-B29C-F1E28AC866D7}.Debug|ARM.Deploy.0 = Debug|ARM
		{483C77B0-BD0A-4FE5-B29C-F1E28AC866D7}.Debug|x86.ActiveCfg = Debug|x86
		{483C77B0-BD0A-4FE5-B29C-F1E28AC866D7}.Debug|x86.Build.0 = Debug|x86
		{483C77B0-BD0A-4FE5-B29C-F1E28AC866D7}.Debug|x86.Deploy.0 = Debug|x86
		{483C77B0-BD0A-4FE5-B29C-F1E28AC866D7}.DelBase|Any CPU.ActiveCfg = Debug|Any CPU
		{483C77B0-BD0A-4FE5-B29C-F1E28AC866D7}.DelBase|Any CPU.Build.0 = Debug|Any CPU
		{483C77B0-BD0A-4FE5-B29C-F1E28AC866D7}.DelBase|Any CPU.Deploy.0 = Debug|Any CPU
		{483C77B0-BD0A-4FE5-B29C-F1E28AC866D7}.DelBase|ARM.ActiveCfg = DelBase|ARM
		{483C77B0-BD0A-4FE5-B29C-F1E28AC866D7}.DelBase|ARM.Build.0 = DelBase|ARM
		{483C77B0-BD0A-4FE5-B29C-F1E28AC866D7}.DelBase|ARM.Deploy.0 = DelBase|ARM
		{483C77B0-BD0A-4FE5-B29C-F1E28AC866D7}.DelBase|x86.ActiveCfg = DelBase|x86
		{483C77B0-BD0A-4FE5-B29C-F1E28AC866D7}.DelBase|x86.Build.0 = DelBase|x86
		{483C77B0-BD0A-4FE5-B29C-F1E28AC866D7}.DelBase|x86.Deploy.0 = DelBase|x86
		{483C77B0-BD0A-4FE5-B29C-F1E28AC866D7}.Release|Any CPU.ActiveCfg = Release|Any CPU
		{483C77B0-BD0A-4FE5-B29C-F1E28AC866D7}.Release|Any CPU.Build.0 = Release|Any CPU
		{483C77B0-BD0A-4FE5-B29C-F1E28AC866D7}.Release|Any CPU.Deploy.0 = Release|Any CPU
		{483C77B0-BD0A-4FE5-B29C-F1E28AC866D7}.Release|ARM.ActiveCfg = Release|ARM
		{483C77B0-BD0A-4FE5-B29C-F1E28AC866D7}.Release|ARM.Build.0 = Release|ARM
		{483C77B0-BD0A-4FE5-B29C-F1E28AC866D7}.Release|ARM.Deploy.0 = Release|ARM
		{483C77B0-BD0A-4FE5-B29C-F1E28AC866D7}.Release|x86.ActiveCfg = Release|x86
		{483C77B0-BD0A-4FE5-B29C-F1E28AC866D7}.Release|x86.Build.0 = Release|x86
		{483C77B0-BD0A-4FE5-B29C-F1E28AC866D7}.Release|x86.Deploy.0 = Release|x86
		{23F75AAD-EA4C-455A-939E-646534C7DB36}.Debug|Any CPU.ActiveCfg = Debug|Any CPU
		{23F75AAD-EA4C-455A-939E-646534C7DB36}.Debug|Any CPU.Build.0 = Debug|Any CPU
		{23F75AAD-EA4C-455A-939E-646534C7DB36}.Debug|ARM.ActiveCfg = Debug|ARM
		{23F75AAD-EA4C-455A-939E-646534C7DB36}.Debug|ARM.Build.0 = Debug|ARM
		{23F75AAD-EA4C-455A-939E-646534C7DB36}.Debug|x86.ActiveCfg = Debug|x86
		{23F75AAD-EA4C-455A-939E-646534C7DB36}.Debug|x86.Build.0 = Debug|x86
		{23F75AAD-EA4C-455A-939E-646534C7DB36}.DelBase|Any CPU.ActiveCfg = Debug|Any CPU
		{23F75AAD-EA4C-455A-939E-646534C7DB36}.DelBase|Any CPU.Build.0 = Debug|Any CPU
		{23F75AAD-EA4C-455A-939E-646534C7DB36}.DelBase|ARM.ActiveCfg = Debug|ARM
		{23F75AAD-EA4C-455A-939E-646534C7DB36}.DelBase|ARM.Build.0 = Debug|ARM
		{23F75AAD-EA4C-455A-939E-646534C7DB36}.DelBase|x86.ActiveCfg = Debug|x86
		{23F75AAD-EA4C-455A-939E-646534C7DB36}.DelBase|x86.Build.0 = Debug|x86
		{23F75AAD-EA4C-455A-939E-646534C7DB36}.Release|Any CPU.ActiveCfg = Release|Any CPU
		{23F75AAD-EA4C-455A-939E-646534C7DB36}.Release|Any CPU.Build.0 = Release|Any CPU
		{23F75AAD-EA4C-455A-939E-646534C7DB36}.Release|ARM.ActiveCfg = Release|ARM
		{23F75AAD-EA4C-455A-939E-646534C7DB36}.Release|ARM.Build.0 = Release|ARM
		{23F75AAD-EA4C-455A-939E-646534C7DB36}.Release|x86.ActiveCfg = Release|x86
		{23F75AAD-EA4C-455A-939E-646534C7DB36}.Release|x86.Build.0 = Release|x86
	EndGlobalSection
	GlobalSection(SolutionProperties) = preSolution
		HideSolutionNode = FALSE
	EndGlobalSection
EndGlobal
